lockfileVersion: '9.0'

settings:
  autoInstallPeers: true
  excludeLinksFromLockfile: false

importers:

  .:
    dependencies:
      mysql2:
        specifier: ^3.14.3
        version: 3.14.3
      redis:
        specifier: ^5.8.2
        version: 5.8.2
    devDependencies:
      cross-env:
        specifier: ^10.0.0
        version: 10.0.0
      nodemon:
        specifier: ^3.1.10
        version: 3.1.10

packages:

  '@epic-web/invariant@1.0.0':
    resolution: {integrity: sha512-lrTPqgvfFQtR/eY/qkIzp98OGdNJu0m5ji3q/nJI8v3SXkRKEnWiOxMmbvcSoAIzv/cGiuvRy57k4suKQSAdwA==}

  '@redis/bloom@5.8.2':
    resolution: {integrity: sha512-855DR0ChetZLarblio5eM0yLwxA9Dqq50t8StXKp5bAtLT0G+rZ+eRzzqxl37sPqQKjUudSYypz55o6nNhbz0A==}
    engines: {node: '>= 18'}
    peerDependencies:
      '@redis/client': ^5.8.2

  '@redis/client@5.8.2':
    resolution: {integrity: sha512-WtMScno3+eBpTac1Uav2zugXEoXqaU23YznwvFgkPwBQVwEHTDgOG7uEAObtZ/Nyn8SmAMbqkEubJaMOvnqdsQ==}
    engines: {node: '>= 18'}

  '@redis/json@5.8.2':
    resolution: {integrity: sha512-uxpVfas3I0LccBX9rIfDgJ0dBrUa3+0Gc8sEwmQQH0vHi7C1Rx1Qn8Nv1QWz5bohoeIXMICFZRcyDONvum2l/w==}
    engines: {node: '>= 18'}
    peerDependencies:
      '@redis/client': ^5.8.2

  '@redis/search@5.8.2':
    resolution: {integrity: sha512-cNv7HlgayavCBXqPXgaS97DRPVWFznuzsAmmuemi2TMCx5scwLiP50TeZvUS06h/MG96YNPe6A0Zt57yayfxwA==}
    engines: {node: '>= 18'}
    peerDependencies:
      '@redis/client': ^5.8.2

  '@redis/time-series@5.8.2':
    resolution: {integrity: sha512-g2NlHM07fK8H4k+613NBsk3y70R2JIM2dPMSkhIjl2Z17SYvaYKdusz85d7VYOrZBWtDrHV/WD2E3vGu+zni8A==}
    engines: {node: '>= 18'}
    peerDependencies:
      '@redis/client': ^5.8.2

  anymatch@3.1.3:
    resolution: {integrity: sha512-KMReFUr0B4t+D+OBkjR3KYqvocp2XaSzO55UcB6mgQMd3KbcE+mWTyvVV7D/zsdEbNnV6acZUutkiHQXvTr1Rw==}
    engines: {node: '>= 8'}

  aws-ssl-profiles@1.1.2:
    resolution: {integrity: sha512-NZKeq9AfyQvEeNlN0zSYAaWrmBffJh3IELMZfRpJVWgrpEbtEpnjvzqBPf+mxoI287JohRDoa+/nsfqqiZmF6g==}
    engines: {node: '>= 6.0.0'}

  balanced-match@1.0.2:
    resolution: {integrity: sha512-3oSeUO0TMV67hN1AmbXsK4yaqU7tjiHlbxRDZOpH0KW9+CeX4bRAaX0Anxt0tx2MrpRpWwQaPwIlISEJhYU5Pw==}

  binary-extensions@2.3.0:
    resolution: {integrity: sha512-Ceh+7ox5qe7LJuLHoY0feh3pHuUDHAcRUeyL2VYghZwfpkNIy/+8Ocg0a3UuSoYzavmylwuLWQOf3hl0jjMMIw==}
    engines: {node: '>=8'}

  brace-expansion@1.1.12:
    resolution: {integrity: sha512-9T9UjW3r0UW5c1Q7GTwllptXwhvYmEzFhzMfZ9H7FQWt+uZePjZPjBP/W1ZEyZ1twGWom5/56TF4lPcqjnDHcg==}

  braces@3.0.3:
    resolution: {integrity: sha512-yQbXgO/OSZVD2IsiLlro+7Hf6Q18EJrKSEsdoMzKePKXct3gvD8oLcOQdIzGupr5Fj+EDe8gO/lxc1BzfMpxvA==}
    engines: {node: '>=8'}

  chokidar@3.6.0:
    resolution: {integrity: sha512-7VT13fmjotKpGipCW9JEQAusEPE+Ei8nl6/g4FBAmIm0GOOLMua9NDDo/DWp0ZAxCr3cPq5ZpBqmPAQgDda2Pw==}
    engines: {node: '>= 8.10.0'}

  cluster-key-slot@1.1.2:
    resolution: {integrity: sha512-RMr0FhtfXemyinomL4hrWcYJxmX6deFdCxpJzhDttxgO1+bcCnkk+9drydLVDmAMG7NE6aN/fl4F7ucU/90gAA==}
    engines: {node: '>=0.10.0'}

  concat-map@0.0.1:
    resolution: {integrity: sha512-/Srv4dswyQNBfohGpz9o6Yb3Gz3SrUDqBH5rTuhGR7ahtlbYKnVxw2bCFMRljaA7EXHaXZ8wsHdodFvbkhKmqg==}

  cross-env@10.0.0:
    resolution: {integrity: sha512-aU8qlEK/nHYtVuN4p7UQgAwVljzMg8hB4YK5ThRqD2l/ziSnryncPNn7bMLt5cFYsKVKBh8HqLqyCoTupEUu7Q==}
    engines: {node: '>=20'}
    hasBin: true

  cross-spawn@7.0.6:
    resolution: {integrity: sha512-uV2QOWP2nWzsy2aMp8aRibhi9dlzF5Hgh5SHaB9OiTGEyDTiJJyx0uy51QXdyWbtAHNua4XJzUKca3OzKUd3vA==}
    engines: {node: '>= 8'}

  debug@4.4.1:
    resolution: {integrity: sha512-KcKCqiftBJcZr++7ykoDIEwSa3XWowTfNPo92BYxjXiyYEVrUQh2aLyhxBCwww+heortUFxEJYcRzosstTEBYQ==}
    engines: {node: '>=6.0'}
    peerDependencies:
      supports-color: '*'
    peerDependenciesMeta:
      supports-color:
        optional: true

  denque@2.1.0:
    resolution: {integrity: sha512-HVQE3AAb/pxF8fQAoiqpvg9i3evqug3hoiwakOyZAwJm+6vZehbkYXZ0l4JxS+I3QxM97v5aaRNhj8v5oBhekw==}
    engines: {node: '>=0.10'}

  fill-range@7.1.1:
    resolution: {integrity: sha512-YsGpe3WHLK8ZYi4tWDg2Jy3ebRz2rXowDxnld4bkQB00cc/1Zw9AWnC0i9ztDJitivtQvaI9KaLyKrc+hBW0yg==}
    engines: {node: '>=8'}

  fsevents@2.3.3:
    resolution: {integrity: sha512-5xoDfX+fL7faATnagmWPpbFtwh/R77WmMMqqHGS65C3vvB0YHrgF+B1YmZ3441tMj5n63k0212XNoJwzlhffQw==}
    engines: {node: ^8.16.0 || ^10.6.0 || >=11.0.0}
    os: [darwin]

  generate-function@2.3.1:
    resolution: {integrity: sha512-eeB5GfMNeevm/GRYq20ShmsaGcmI81kIX2K9XQx5miC8KdHaC6Jm0qQ8ZNeGOi7wYB8OsdxKs+Y2oVuTFuVwKQ==}

  glob-parent@5.1.2:
    resolution: {integrity: sha512-AOIgSQCepiJYwP3ARnGx+5VnTu2HBYdzbGP45eLw1vr3zB3vZLeyed1sC9hnbcOc9/SrMyM5RPQrkGz4aS9Zow==}
    engines: {node: '>= 6'}

  has-flag@3.0.0:
    resolution: {integrity: sha512-sKJf1+ceQBr4SMkvQnBDNDtf4TXpVhVGateu0t918bl30FnbE2m4vNLX+VWe/dpjlb+HugGYzW7uQXH98HPEYw==}
    engines: {node: '>=4'}

  iconv-lite@0.6.3:
    resolution: {integrity: sha512-4fCk79wshMdzMp2rH06qWrJE4iolqLhCUH+OiuIgU++RB0+94NlDL81atO7GX55uUKueo0txHNtvEyI6D7WdMw==}
    engines: {node: '>=0.10.0'}

  ignore-by-default@1.0.1:
    resolution: {integrity: sha512-Ius2VYcGNk7T90CppJqcIkS5ooHUZyIQK+ClZfMfMNFEF9VSE73Fq+906u/CWu92x4gzZMWOwfFYckPObzdEbA==}

  is-binary-path@2.1.0:
    resolution: {integrity: sha512-ZMERYes6pDydyuGidse7OsHxtbI7WVeUEozgR/g7rd0xUimYNlvZRE/K2MgZTjWy725IfelLeVcEM97mmtRGXw==}
    engines: {node: '>=8'}

  is-extglob@2.1.1:
    resolution: {integrity: sha512-SbKbANkN603Vi4jEZv49LeVJMn4yGwsbzZworEoyEiutsN3nJYdbO36zfhGJ6QEDpOZIFkDtnq5JRxmvl3jsoQ==}
    engines: {node: '>=0.10.0'}

  is-glob@4.0.3:
    resolution: {integrity: sha512-xelSayHH36ZgE7ZWhli7pW34hNbNl8Ojv5KVmkJD4hBdD3th8Tfk9vYasLM+mXWOZhFkgZfxhLSnrwRr4elSSg==}
    engines: {node: '>=0.10.0'}

  is-number@7.0.0:
    resolution: {integrity: sha512-41Cifkg6e8TylSpdtTpeLVMqvSBEVzTttHvERD741+pnZ8ANv0004MRL43QKPDlK9cGvNp6NZWZUBlbGXYxxng==}
    engines: {node: '>=0.12.0'}

  is-property@1.0.2:
    resolution: {integrity: sha512-Ks/IoX00TtClbGQr4TWXemAnktAQvYB7HzcCxDGqEZU6oCmb2INHuOoKxbtR+HFkmYWBKv/dOZtGRiAjDhj92g==}

  isexe@2.0.0:
    resolution: {integrity: sha512-RHxMLp9lnKHGHRng9QFhRCMbYAcVpn69smSGcq3f36xjgVVWThj4qqLbTLlq7Ssj8B+fIQ1EuCEGI2lKsyQeIw==}

  long@5.3.2:
    resolution: {integrity: sha512-mNAgZ1GmyNhD7AuqnTG3/VQ26o760+ZYBPKjPvugO8+nLbYfX6TVpJPseBvopbdY+qpZ/lKUnmEc1LeZYS3QAA==}

  lru-cache@7.18.3:
    resolution: {integrity: sha512-jumlc0BIUrS3qJGgIkWZsyfAM7NCWiBcCDhnd+3NNM5KbBmLTgHVfWBcg6W+rLUsIpzpERPsvwUP7CckAQSOoA==}
    engines: {node: '>=12'}

  lru.min@1.1.2:
    resolution: {integrity: sha512-Nv9KddBcQSlQopmBHXSsZVY5xsdlZkdH/Iey0BlcBYggMd4two7cZnKOK9vmy3nY0O5RGH99z1PCeTpPqszUYg==}
    engines: {bun: '>=1.0.0', deno: '>=1.30.0', node: '>=8.0.0'}

  minimatch@3.1.2:
    resolution: {integrity: sha512-J7p63hRiAjw1NDEww1W7i37+ByIrOWO5XQQAzZ3VOcL0PNybwpfmV/N05zFAzwQ9USyEcX6t3UO+K5aqBQOIHw==}

  ms@2.1.3:
    resolution: {integrity: sha512-6FlzubTLZG3J2a/NVCAleEhjzq5oxgHyaCU9yYXvcLsvoVaHJq/s5xXI6/XXP6tz7R9xAOtHnSO/tXtF3WRTlA==}

  mysql2@3.14.3:
    resolution: {integrity: sha512-fD6MLV8XJ1KiNFIF0bS7Msl8eZyhlTDCDl75ajU5SJtpdx9ZPEACulJcqJWr1Y8OYyxsFc4j3+nflpmhxCU5aQ==}
    engines: {node: '>= 8.0'}

  named-placeholders@1.1.3:
    resolution: {integrity: sha512-eLoBxg6wE/rZkJPhU/xRX1WTpkFEwDJEN96oxFrTsqBdbT5ec295Q+CoHrL9IT0DipqKhmGcaZmwOt8OON5x1w==}
    engines: {node: '>=12.0.0'}

  nodemon@3.1.10:
    resolution: {integrity: sha512-WDjw3pJ0/0jMFmyNDp3gvY2YizjLmmOUQo6DEBY+JgdvW/yQ9mEeSw6H5ythl5Ny2ytb7f9C2nIbjSxMNzbJXw==}
    engines: {node: '>=10'}
    hasBin: true

  normalize-path@3.0.0:
    resolution: {integrity: sha512-6eZs5Ls3WtCisHWp9S2GUy8dqkpGi4BVSz3GaqiE6ezub0512ESztXUwUB6C6IKbQkY2Pnb/mD4WYojCRwcwLA==}
    engines: {node: '>=0.10.0'}

  path-key@3.1.1:
    resolution: {integrity: sha512-ojmeN0qd+y0jszEtoY48r0Peq5dwMEkIlCOu6Q5f41lfkswXuKtYrhgoTpLnyIcHm24Uhqx+5Tqm2InSwLhE6Q==}
    engines: {node: '>=8'}

  picomatch@2.3.1:
    resolution: {integrity: sha512-JU3teHTNjmE2VCGFzuY8EXzCDVwEqB2a8fsIvwaStHhAWJEeVd1o1QD80CU6+ZdEXXSLbSsuLwJjkCBWqRQUVA==}
    engines: {node: '>=8.6'}

  pstree.remy@1.1.8:
    resolution: {integrity: sha512-77DZwxQmxKnu3aR542U+X8FypNzbfJ+C5XQDk3uWjWxn6151aIMGthWYRXTqT1E5oJvg+ljaa2OJi+VfvCOQ8w==}

  readdirp@3.6.0:
    resolution: {integrity: sha512-hOS089on8RduqdbhvQ5Z37A0ESjsqz6qnRcffsMU3495FuTdqSm+7bhJ29JvIOsBDEEnan5DPu9t3To9VRlMzA==}
    engines: {node: '>=8.10.0'}

  redis@5.8.2:
    resolution: {integrity: sha512-31vunZj07++Y1vcFGcnNWEf5jPoTkGARgfWI4+Tk55vdwHxhAvug8VEtW7Cx+/h47NuJTEg/JL77zAwC6E0OeA==}
    engines: {node: '>= 18'}

  safer-buffer@2.1.2:
    resolution: {integrity: sha512-YZo3K82SD7Riyi0E1EQPojLz7kpepnSQI9IyPbHHg1XXXevb5dJI7tpyN2ADxGcQbHG7vcyRHk0cbwqcQriUtg==}

  semver@7.7.2:
    resolution: {integrity: sha512-RF0Fw+rO5AMf9MAyaRXI4AV0Ulj5lMHqVxxdSgiVbixSCXoEmmX/jk0CuJw4+3SqroYO9VoUh+HcuJivvtJemA==}
    engines: {node: '>=10'}
    hasBin: true

  seq-queue@0.0.5:
    resolution: {integrity: sha512-hr3Wtp/GZIc/6DAGPDcV4/9WoZhjrkXsi5B/07QgX8tsdc6ilr7BFM6PM6rbdAX1kFSDYeZGLipIZZKyQP0O5Q==}

  shebang-command@2.0.0:
    resolution: {integrity: sha512-kHxr2zZpYtdmrN1qDjrrX/Z1rR1kG8Dx+gkpK1G4eXmvXswmcE1hTWBWYUzlraYw1/yZp6YuDY77YtvbN0dmDA==}
    engines: {node: '>=8'}

  shebang-regex@3.0.0:
    resolution: {integrity: sha512-7++dFhtcx3353uBaq8DDR4NuxBetBzC7ZQOhmTQInHEd6bSrXdiEyzCvG07Z44UYdLShWUyXt5M/yhz8ekcb1A==}
    engines: {node: '>=8'}

  simple-update-notifier@2.0.0:
    resolution: {integrity: sha512-a2B9Y0KlNXl9u/vsW6sTIu9vGEpfKu2wRV6l1H3XEas/0gUIzGzBoP/IouTcUQbm9JWZLH3COxyn03TYlFax6w==}
    engines: {node: '>=10'}

  sqlstring@2.3.3:
    resolution: {integrity: sha512-qC9iz2FlN7DQl3+wjwn3802RTyjCx7sDvfQEXchwa6CWOx07/WVfh91gBmQ9fahw8snwGEWU3xGzOt4tFyHLxg==}
    engines: {node: '>= 0.6'}

  supports-color@5.5.0:
    resolution: {integrity: sha512-QjVjwdXIt408MIiAqCX4oUKsgU2EqAGzs2Ppkm4aQYbjm+ZEWEcW4SfFNTr4uMNZma0ey4f5lgLrkB0aX0QMow==}
    engines: {node: '>=4'}

  to-regex-range@5.0.1:
    resolution: {integrity: sha512-65P7iz6X5yEr1cwcgvQxbbIw7Uk3gOy5dIdtZ4rDveLqhrdJP+Li/Hx6tyK0NEb+2GCyneCMJiGqrADCSNk8sQ==}
    engines: {node: '>=8.0'}

  touch@3.1.1:
    resolution: {integrity: sha512-r0eojU4bI8MnHr8c5bNo7lJDdI2qXlWWJk6a9EAFG7vbhTjElYhBVS3/miuE0uOuoLdb8Mc/rVfsmm6eo5o9GA==}
    hasBin: true

  undefsafe@2.0.5:
    resolution: {integrity: sha512-WxONCrssBM8TSPRqN5EmsjVrsv4A8X12J4ArBiiayv3DyyG3ZlIg6yysuuSYdZsVz3TKcTg2fd//Ujd4CHV1iA==}

  which@2.0.2:
    resolution: {integrity: sha512-BLI3Tl1TW3Pvl70l3yq3Y64i+awpwXqsGBYWkkqMtnbXgrMD+yj7rhW0kuEDxzJaYXGjEW5ogapKNMEKNMjibA==}
    engines: {node: '>= 8'}
    hasBin: true

snapshots:

  '@epic-web/invariant@1.0.0': {}

  '@redis/bloom@5.8.2(@redis/client@5.8.2)':
    dependencies:
      '@redis/client': 5.8.2

  '@redis/client@5.8.2':
    dependencies:
      cluster-key-slot: 1.1.2

  '@redis/json@5.8.2(@redis/client@5.8.2)':
    dependencies:
      '@redis/client': 5.8.2

  '@redis/search@5.8.2(@redis/client@5.8.2)':
    dependencies:
      '@redis/client': 5.8.2

  '@redis/time-series@5.8.2(@redis/client@5.8.2)':
    dependencies:
      '@redis/client': 5.8.2

  anymatch@3.1.3:
    dependencies:
      normalize-path: 3.0.0
      picomatch: 2.3.1

  aws-ssl-profiles@1.1.2: {}

  balanced-match@1.0.2: {}

  binary-extensions@2.3.0: {}

  brace-expansion@1.1.12:
    dependencies:
      balanced-match: 1.0.2
      concat-map: 0.0.1

  braces@3.0.3:
    dependencies:
      fill-range: 7.1.1

  chokidar@3.6.0:
    dependencies:
      anymatch: 3.1.3
      braces: 3.0.3
      glob-parent: 5.1.2
      is-binary-path: 2.1.0
      is-glob: 4.0.3
      normalize-path: 3.0.0
      readdirp: 3.6.0
    optionalDependencies:
      fsevents: 2.3.3

  cluster-key-slot@1.1.2: {}

  concat-map@0.0.1: {}

  cross-env@10.0.0:
    dependencies:
      '@epic-web/invariant': 1.0.0
      cross-spawn: 7.0.6

  cross-spawn@7.0.6:
    dependencies:
      path-key: 3.1.1
      shebang-command: 2.0.0
      which: 2.0.2

  debug@4.4.1(supports-color@5.5.0):
    dependencies:
      ms: 2.1.3
    optionalDependencies:
      supports-color: 5.5.0

  denque@2.1.0: {}

  fill-range@7.1.1:
    dependencies:
      to-regex-range: 5.0.1

  fsevents@2.3.3:
    optional: true

  generate-function@2.3.1:
    dependencies:
      is-property: 1.0.2

  glob-parent@5.1.2:
    dependencies:
      is-glob: 4.0.3

  has-flag@3.0.0: {}

  iconv-lite@0.6.3:
    dependencies:
      safer-buffer: 2.1.2

  ignore-by-default@1.0.1: {}

  is-binary-path@2.1.0:
    dependencies:
      binary-extensions: 2.3.0

  is-extglob@2.1.1: {}

  is-glob@4.0.3:
    dependencies:
      is-extglob: 2.1.1

  is-number@7.0.0: {}

  is-property@1.0.2: {}

  isexe@2.0.0: {}

  long@5.3.2: {}

  lru-cache@7.18.3: {}

  lru.min@1.1.2: {}

  minimatch@3.1.2:
    dependencies:
      brace-expansion: 1.1.12

  ms@2.1.3: {}

  mysql2@3.14.3:
    dependencies:
      aws-ssl-profiles: 1.1.2
      denque: 2.1.0
      generate-function: 2.3.1
      iconv-lite: 0.6.3
      long: 5.3.2
      lru.min: 1.1.2
      named-placeholders: 1.1.3
      seq-queue: 0.0.5
      sqlstring: 2.3.3

  named-placeholders@1.1.3:
    dependencies:
      lru-cache: 7.18.3

  nodemon@3.1.10:
    dependencies:
      chokidar: 3.6.0
      debug: 4.4.1(supports-color@5.5.0)
      ignore-by-default: 1.0.1
      minimatch: 3.1.2
      pstree.remy: 1.1.8
      semver: 7.7.2
      simple-update-notifier: 2.0.0
      supports-color: 5.5.0
      touch: 3.1.1
      undefsafe: 2.0.5

  normalize-path@3.0.0: {}

  path-key@3.1.1: {}

  picomatch@2.3.1: {}

  pstree.remy@1.1.8: {}

  readdirp@3.6.0:
    dependencies:
      picomatch: 2.3.1

  redis@5.8.2:
    dependencies:
      '@redis/bloom': 5.8.2(@redis/client@5.8.2)
      '@redis/client': 5.8.2
      '@redis/json': 5.8.2(@redis/client@5.8.2)
      '@redis/search': 5.8.2(@redis/client@5.8.2)
      '@redis/time-series': 5.8.2(@redis/client@5.8.2)

  safer-buffer@2.1.2: {}

  semver@7.7.2: {}

  seq-queue@0.0.5: {}

  shebang-command@2.0.0:
    dependencies:
      shebang-regex: 3.0.0

  shebang-regex@3.0.0: {}

  simple-update-notifier@2.0.0:
    dependencies:
      semver: 7.7.2

  sqlstring@2.3.3: {}

  supports-color@5.5.0:
    dependencies:
      has-flag: 3.0.0

  to-regex-range@5.0.1:
    dependencies:
      is-number: 7.0.0

  touch@3.1.1: {}

  undefsafe@2.0.5: {}

  which@2.0.2:
    dependencies:
      isexe: 2.0.0
